
Microsoft Visual Studio Solution File, Format Version 12.00
# Visual Studio Version 17
VisualStudioVersion = 17.13.35825.156
MinimumVisualStudioVersion = 10.0.40219.1
Project("{8BC9CEB8-8B4A-11D0-8D11-00A0C91BC942}") = "AI_C2", "AI_C2\AI_C2.vcxproj", "{A2E936AA-8B65-4B83-964E-2400823DD61C}"
EndProject
Project("{8BC9CEB8-8B4A-11D0-8D11-00A0C91BC942}") = "Bomb", "Bomb\Bomb.vcxproj", "{A167DA3D-C3DA-4610-8F0D-D077804AF172}"
EndProject
Project("{8BC9CEB8-8B4A-11D0-8D11-00A0C91BC942}") = "HW03", "HW03\HW03.vcxproj", "{0B6A501A-D9B9-4053-BAC2-2021CB76DFFD}"
EndProject
Project("{8BC9CEB8-8B4A-11D0-8D11-00A0C91BC942}") = "Lecture04", "Lecture04\Lecture04.vcxproj", "{B5289640-AC88-4C7F-8D0B-83400934E102}"
EndProject
Global
	GlobalSection(SolutionConfigurationPlatforms) = preSolution
		Debug|x64 = Debug|x64
		Debug|x86 = Debug|x86
		Release|x64 = Release|x64
		Release|x86 = Release|x86
	EndGlobalSection
	GlobalSection(ProjectConfigurationPlatforms) = postSolution
		{A2E936AA-8B65-4B83-964E-2400823DD61C}.Debug|x64.ActiveCfg = Debug|x64
		{A2E936AA-8B65-4B83-964E-2400823DD61C}.Debug|x64.Build.0 = Debug|x64
		{A2E936AA-8B65-4B83-964E-2400823DD61C}.Debug|x86.ActiveCfg = Debug|Win32
		{A2E936AA-8B65-4B83-964E-2400823DD61C}.Debug|x86.Build.0 = Debug|Win32
		{A2E936AA-8B65-4B83-964E-2400823DD61C}.Release|x64.ActiveCfg = Release|x64
		{A2E936AA-8B65-4B83-964E-2400823DD61C}.Release|x64.Build.0 = Release|x64
		{A2E936AA-8B65-4B83-964E-2400823DD61C}.Release|x86.ActiveCfg = Release|Win32
		{A2E936AA-8B65-4B83-964E-2400823DD61C}.Release|x86.Build.0 = Release|Win32
		{A167DA3D-C3DA-4610-8F0D-D077804AF172}.Debug|x64.ActiveCfg = Debug|x64
		{A167DA3D-C3DA-4610-8F0D-D077804AF172}.Debug|x64.Build.0 = Debug|x64
		{A167DA3D-C3DA-4610-8F0D-D077804AF172}.Debug|x86.ActiveCfg = Debug|Win32
		{A167DA3D-C3DA-4610-8F0D-D077804AF172}.Debug|x86.Build.0 = Debug|Win32
		{A167DA3D-C3DA-4610-8F0D-D077804AF172}.Release|x64.ActiveCfg = Release|x64
		{A167DA3D-C3DA-4610-8F0D-D077804AF172}.Release|x64.Build.0 = Release|x64
		{A167DA3D-C3DA-4610-8F0D-D077804AF172}.Release|x86.ActiveCfg = Release|Win32
		{A167DA3D-C3DA-4610-8F0D-D077804AF172}.Release|x86.Build.0 = Release|Win32
		{0B6A501A-D9B9-4053-BAC2-2021CB76DFFD}.Debug|x64.ActiveCfg = Debug|x64
		{0B6A501A-D9B9-4053-BAC2-2021CB76DFFD}.Debug|x64.Build.0 = Debug|x64
		{0B6A501A-D9B9-4053-BAC2-2021CB76DFFD}.Debug|x86.ActiveCfg = Debug|Win32
		{0B6A501A-D9B9-4053-BAC2-2021CB76DFFD}.Debug|x86.Build.0 = Debug|Win32
		{0B6A501A-D9B9-4053-BAC2-2021CB76DFFD}.Release|x64.ActiveCfg = Release|x64
		{0B6A501A-D9B9-4053-BAC2-2021CB76DFFD}.Release|x64.Build.0 = Release|x64
		{0B6A501A-D9B9-4053-BAC2-2021CB76DFFD}.Release|x86.ActiveCfg = Release|Win32
		{0B6A501A-D9B9-4053-BAC2-2021CB76DFFD}.Release|x86.Build.0 = Release|Win32
		{B5289640-AC88-4C7F-8D0B-83400934E102}.Debug|x64.ActiveCfg = Debug|x64
		{B5289640-AC88-4C7F-8D0B-83400934E102}.Debug|x64.Build.0 = Debug|x64
		{B5289640-AC88-4C7F-8D0B-83400934E102}.Debug|x86.ActiveCfg = Debug|Win32
		{B5289640-AC88-4C7F-8D0B-83400934E102}.Debug|x86.Build.0 = Debug|Win32
		{B5289640-AC88-4C7F-8D0B-83400934E102}.Release|x64.ActiveCfg = Release|x64
		{B5289640-AC88-4C7F-8D0B-83400934E102}.Release|x64.Build.0 = Release|x64
		{B5289640-AC88-4C7F-8D0B-83400934E102}.Release|x86.ActiveCfg = Release|Win32
		{B5289640-AC88-4C7F-8D0B-83400934E102}.Release|x86.Build.0 = Release|Win32
	EndGlobalSection
	GlobalSection(SolutionProperties) = preSolution
		HideSolutionNode = FALSE
	EndGlobalSection
	GlobalSection(ExtensibilityGlobals) = postSolution
		SolutionGuid = {79873926-9A8F-4315-9BC8-573F5891BAF9}
	EndGlobalSection
EndGlobal
