
Microsoft Visual Studio Solution File, Format Version 12.00
# Visual Studio Version 17
VisualStudioVersion = 17.13.35825.156 d17.13
MinimumVisualStudioVersion = 10.0.40219.1
Project("{8BC9CEB8-8B4A-11D0-8D11-00A0C91BC942}") = "Bomb", "Bomb\Bomb.vcxproj", "{E0041778-229A-4723-9913-FA7C2C3E0AEC}"
EndProject
Global
	GlobalSection(SolutionConfigurationPlatforms) = preSolution
		Debug|x64 = Debug|x64
		Debug|x86 = Debug|x86
		Release|x64 = Release|x64
		Release|x86 = Release|x86
	EndGlobalSection
	GlobalSection(ProjectConfigurationPlatforms) = postSolution
		{E0041778-229A-4723-9913-FA7C2C3E0AEC}.Debug|x64.ActiveCfg = Debug|x64
		{E0041778-229A-4723-9913-FA7C2C3E0AEC}.Debug|x64.Build.0 = Debug|x64
		{E0041778-229A-4723-9913-FA7C2C3E0AEC}.Debug|x86.ActiveCfg = Debug|Win32
		{E0041778-229A-4723-9913-FA7C2C3E0AEC}.Debug|x86.Build.0 = Debug|Win32
		{E0041778-229A-4723-9913-FA7C2C3E0AEC}.Release|x64.ActiveCfg = Release|x64
		{E0041778-229A-4723-9913-FA7C2C3E0AEC}.Release|x64.Build.0 = Release|x64
		{E0041778-229A-4723-9913-FA7C2C3E0AEC}.Release|x86.ActiveCfg = Release|Win32
		{E0041778-229A-4723-9913-FA7C2C3E0AEC}.Release|x86.Build.0 = Release|Win32
	EndGlobalSection
	GlobalSection(SolutionProperties) = preSolution
		HideSolutionNode = FALSE
	EndGlobalSection
	GlobalSection(ExtensibilityGlobals) = postSolution
		SolutionGuid = {ADBA7611-2D8A-44F4-B76C-4D793E652B4A}
	EndGlobalSection
EndGlobal
